// !$*UTF8*$!
{
	archiveVersion = 1;
	classes = {
	};
	objectVersion = 48;
	objects = {

/* Begin PBXBuildFile section */
		96C6C6FD1F42BEB7006F0F44 /* JHAudioPlayer.m in Sources */ = {isa = PBXBuildFile; fileRef = 96C6C6FC1F42BEB7006F0F44 /* JHAudioPlayer.m */; };
		96F3F7B11F42AF95008F9821 /* AppDelegate.m in Sources */ = {isa = PBXBuildFile; fileRef = 96F3F7B01F42AF95008F9821 /* AppDelegate.m */; };
		96F3F7B41F42AF95008F9821 /* ViewController.m in Sources */ = {isa = PBXBuildFile; fileRef = 96F3F7B31F42AF95008F9821 /* ViewController.m */; };
		96F3F7B71F42AF95008F9821 /* Main.storyboard in Resources */ = {isa = PBXBuildFile; fileRef = 96F3F7B51F42AF95008F9821 /* Main.storyboard */; };
		96F3F7B91F42AF95008F9821 /* Assets.xcassets in Resources */ = {isa = PBXBuildFile; fileRef = 96F3F7B81F42AF95008F9821 /* Assets.xcassets */; };
		96F3F7BC1F42AF95008F9821 /* LaunchScreen.storyboard in Resources */ = {isa = PBXBuildFile; fileRef = 96F3F7BA1F42AF95008F9821 /* LaunchScreen.storyboard */; };
		96F3F7BF1F42AF95008F9821 /* main.m in Sources */ = {isa = PBXBuildFile; fileRef = 96F3F7BE1F42AF95008F9821 /* main.m */; };
		96F3F7C71F42B093008F9821 /* 362832__4barrelcarb__nylon-string-guitar-with-steel-string-bass.mp3 in Resources */ = {isa = PBXBuildFile; fileRef = 96F3F7C51F42B093008F9821 /* 362832__4barrelcarb__nylon-string-guitar-with-steel-string-bass.mp3 */; };
		96F3F7C81F42B093008F9821 /* 381353__waveplay__120-bpm-basic-drum-loop.wav in Resources */ = {isa = PBXBuildFile; fileRef = 96F3F7C61F42B093008F9821 /* 381353__waveplay__120-bpm-basic-drum-loop.wav */; };
/* End PBXBuildFile section */

/* Begin PBXFileReference section */
		96C6C6FB1F42BEB7006F0F44 /* JHAudioPlayer.h */ = {isa = PBXFileReference; fileEncoding = 4; lastKnownFileType = sourcecode.c.h; path = JHAudioPlayer.h; sourceTree = "<group>"; };
		96C6C6FC1F42BEB7006F0F44 /* JHAudioPlayer.m */ = {isa = PBXFileReference; fileEncoding = 4; lastKnownFileType = sourcecode.c.objc; path = JHAudioPlayer.m; sourceTree = "<group>"; };
		96F3F7AC1F42AF95008F9821 /* AudioPlayer.app */ = {isa = PBXFileReference; explicitFileType = wrapper.application; includeInIndex = 0; path = AudioPlayer.app; sourceTree = BUILT_PRODUCTS_DIR; };
		96F3F7AF1F42AF95008F9821 /* AppDelegate.h */ = {isa = PBXFileReference; lastKnownFileType = sourcecode.c.h; path = AppDelegate.h; sourceTree = "<group>"; };
		96F3F7B01F42AF95008F9821 /* AppDelegate.m */ = {isa = PBXFileReference; lastKnownFileType = sourcecode.c.objc; path = AppDelegate.m; sourceTree = "<group>"; };
		96F3F7B21F42AF95008F9821 /* ViewController.h */ = {isa = PBXFileReference; lastKnownFileType = sourcecode.c.h; path = ViewController.h; sourceTree = "<group>"; };
		96F3F7B31F42AF95008F9821 /* ViewController.m */ = {isa = PBXFileReference; lastKnownFileType = sourcecode.c.objc; path = ViewController.m; sourceTree = "<group>"; };
		96F3F7B61F42AF95008F9821 /* Base */ = {isa = PBXFileReference; lastKnownFileType = file.storyboard; name = Base; path = Base.lproj/Main.storyboard; sourceTree = "<group>"; };
		96F3F7B81F42AF95008F9821 /* Assets.xcassets */ = {isa = PBXFileReference; lastKnownFileType = folder.assetcatalog; path = Assets.xcassets; sourceTree = "<group>"; };
		96F3F7BB1F42AF95008F9821 /* Base */ = {isa = PBXFileReference; lastKnownFileType = file.storyboard; name = Base; path = Base.lproj/LaunchScreen.storyboard; sourceTree = "<group>"; };
		96F3F7BD1F42AF95008F9821 /* Info.plist */ = {isa = PBXFileReference; lastKnownFileType = text.plist.xml; name = Info.plist; path = "Supporting Files/Info.plist"; sourceTree = "<group>"; };
		96F3F7BE1F42AF95008F9821 /* main.m */ = {isa = PBXFileReference; lastKnownFileType = sourcecode.c.objc; name = main.m; path = "Supporting Files/main.m"; sourceTree = "<group>"; };
		96F3F7C51F42B093008F9821 /* 362832__4barrelcarb__nylon-string-guitar-with-steel-string-bass.mp3 */ = {isa = PBXFileReference; lastKnownFileType = audio.mp3; path = "362832__4barrelcarb__nylon-string-guitar-with-steel-string-bass.mp3"; sourceTree = "<group>"; };
		96F3F7C61F42B093008F9821 /* 381353__waveplay__120-bpm-basic-drum-loop.wav */ = {isa = PBXFileReference; lastKnownFileType = audio.wav; path = "381353__waveplay__120-bpm-basic-drum-loop.wav"; sourceTree = "<group>"; };
/* End PBXFileReference section */

/* Begin PBXFrameworksBuildPhase section */
		96F3F7A91F42AF95008F9821 /* Frameworks */ = {
			isa = PBXFrameworksBuildPhase;
			buildActionMask = 2147483647;
			files = (
			);
			runOnlyForDeploymentPostprocessing = 0;
		};
/* End PBXFrameworksBuildPhase section */

/* Begin PBXGroup section */
		96F3F7A31F42AF95008F9821 = {
			isa = PBXGroup;
			children = (
				96F3F7AE1F42AF95008F9821 /* AudioPlayer */,
				96F3F7AD1F42AF95008F9821 /* Products */,
			);
			sourceTree = "<group>";
		};
		96F3F7AD1F42AF95008F9821 /* Products */ = {
			isa = PBXGroup;
			children = (
				96F3F7AC1F42AF95008F9821 /* AudioPlayer.app */,
			);
			name = Products;
			sourceTree = "<group>";
		};
		96F3F7AE1F42AF95008F9821 /* AudioPlayer */ = {
			isa = PBXGroup;
			children = (
				96F3F7C91F42B0E0008F9821 /* Sound Files */,
				96F3F7AF1F42AF95008F9821 /* AppDelegate.h */,
				96F3F7B01F42AF95008F9821 /* AppDelegate.m */,
				96F3F7B21F42AF95008F9821 /* ViewController.h */,
				96F3F7B31F42AF95008F9821 /* ViewController.m */,
				96C6C6FB1F42BEB7006F0F44 /* JHAudioPlayer.h */,
				96C6C6FC1F42BEB7006F0F44 /* JHAudioPlayer.m */,
				96F3F7B51F42AF95008F9821 /* Main.storyboard */,
				96F3F7BA1F42AF95008F9821 /* LaunchScreen.storyboard */,
				96F3F7BD1F42AF95008F9821 /* Info.plist */,
				96F3F7BE1F42AF95008F9821 /* main.m */,
				96F3F7B81F42AF95008F9821 /* Assets.xcassets */,
			);
			path = AudioPlayer;
			sourceTree = "<group>";
		};
		96F3F7C91F42B0E0008F9821 /* Sound Files */ = {
			isa = PBXGroup;
			children = (
				96F3F7C51F42B093008F9821 /* 362832__4barrelcarb__nylon-string-guitar-with-steel-string-bass.mp3 */,
				96F3F7C61F42B093008F9821 /* 381353__waveplay__120-bpm-basic-drum-loop.wav */,
			);
			name = "Sound Files";
			path = "Supporting Files";
			sourceTree = "<group>";
		};
/* End PBXGroup section */

/* Begin PBXNativeTarget section */
		96F3F7AB1F42AF95008F9821 /* AudioPlayer */ = {
			isa = PBXNativeTarget;
			buildConfigurationList = 96F3F7C21F42AF95008F9821 /* Build configuration list for PBXNativeTarget "AudioPlayer" */;
			buildPhases = (
				96F3F7A81F42AF95008F9821 /* Sources */,
				96F3F7A91F42AF95008F9821 /* Frameworks */,
				96F3F7AA1F42AF95008F9821 /* Resources */,
			);
			buildRules = (
			);
			dependencies = (
			);
			name = AudioPlayer;
			productName = AudioPlayer;
			productReference = 96F3F7AC1F42AF95008F9821 /* AudioPlayer.app */;
			productType = "com.apple.product-type.application";
		};
/* End PBXNativeTarget section */

/* Begin PBXProject section */
		96F3F7A41F42AF95008F9821 /* Project object */ = {
			isa = PBXProject;
			attributes = {
				LastUpgradeCheck = 0900;
				ORGANIZATIONNAME = "Jason H.";
				TargetAttributes = {
					96F3F7AB1F42AF95008F9821 = {
						CreatedOnToolsVersion = 9.0;
					};
				};
			};
			buildConfigurationList = 96F3F7A71F42AF95008F9821 /* Build configuration list for PBXProject "AudioPlayer" */;
			compatibilityVersion = "Xcode 8.0";
			developmentRegion = en;
			hasScannedForEncodings = 0;
			knownRegions = (
				en,
				Base,
			);
			mainGroup = 96F3F7A31F42AF95008F9821;
			productRefGroup = 96F3F7AD1F42AF95008F9821 /* Products */;
			projectDirPath = "";
			projectRoot = "";
			targets = (
				96F3F7AB1F42AF95008F9821 /* AudioPlayer */,
			);
		};
/* End PBXProject section */

/* Begin PBXResourcesBuildPhase section */
		96F3F7AA1F42AF95008F9821 /* Resources */ = {
			isa = PBXResourcesBuildPhase;
			buildActionMask = 2147483647;
			files = (
				96F3F7BC1F42AF95008F9821 /* LaunchScreen.storyboard in Resources */,
				96F3F7B91F42AF95008F9821 /* Assets.xcassets in Resources */,
				96F3F7C81F42B093008F9821 /* 381353__waveplay__120-bpm-basic-drum-loop.wav in Resources */,
				96F3F7B71F42AF95008F9821 /* Main.storyboard in Resources */,
				96F3F7C71F42B093008F9821 /* 362832__4barrelcarb__nylon-string-guitar-with-steel-string-bass.mp3 in Resources */,
			);
			runOnlyForDeploymentPostprocessing = 0;
		};
/* End PBXResourcesBuildPhase section */

/* Begin PBXSourcesBuildPhase section */
		96F3F7A81F42AF95008F9821 /* Sources */ = {
			isa = PBXSourcesBuildPhase;
			buildActionMask = 2147483647;
			files = (
				96F3F7B41F42AF95008F9821 /* ViewController.m in Sources */,
				96F3F7BF1F42AF95008F9821 /* main.m in Sources */,
				96F3F7B11F42AF95008F9821 /* AppDelegate.m in Sources */,
				96C6C6FD1F42BEB7006F0F44 /* JHAudioPlayer.m in Sources */,
			);
			runOnlyForDeploymentPostprocessing = 0;
		};
/* End PBXSourcesBuildPhase section */

/* Begin PBXVariantGroup section */
		96F3F7B51F42AF95008F9821 /* Main.storyboard */ = {
			isa = PBXVariantGroup;
			children = (
				96F3F7B61F42AF95008F9821 /* Base */,
			);
			name = Main.storyboard;
			sourceTree = "<group>";
		};
		96F3F7BA1F42AF95008F9821 /* LaunchScreen.storyboard */ = {
			isa = PBXVariantGroup;
			children = (
				96F3F7BB1F42AF95008F9821 /* Base */,
			);
			name = LaunchScreen.storyboard;
			sourceTree = "<group>";
		};
/* End PBXVariantGroup section */

/* Begin XCBuildConfiguration section */
		96F3F7C01F42AF95008F9821 /* Debug */ = {
			isa = XCBuildConfiguration;
			buildSettings = {
				ALWAYS_SEARCH_USER_PATHS = NO;
				CLANG_ANALYZER_NONNULL = YES;
				CLANG_ANALYZER_NUMBER_OBJECT_CONVERSION = YES_AGGRESSIVE;
				CLANG_CXX_LANGUAGE_STANDARD = "gnu++14";
				CLANG_CXX_LIBRARY = "libc++";
				CLANG_ENABLE_MODULES = YES;
				CLANG_ENABLE_OBJC_ARC = YES;
				CLANG_WARN_BLOCK_CAPTURE_AUTORELEASING = YES;
				CLANG_WARN_BOOL_CONVERSION = YES;
				CLANG_WARN_COMMA = YES;
				CLANG_WARN_CONSTANT_CONVERSION = YES;
				CLANG_WARN_DIRECT_OBJC_ISA_USAGE = YES_ERROR;
				CLANG_WARN_DOCUMENTATION_COMMENTS = YES;
				CLANG_WARN_EMPTY_BODY = YES;
				CLANG_WARN_ENUM_CONVERSION = YES;
				CLANG_WARN_INFINITE_RECURSION = YES;
				CLANG_WARN_INT_CONVERSION = YES;
				CLANG_WARN_OBJC_ROOT_CLASS = YES_ERROR;
				CLANG_WARN_RANGE_LOOP_ANALYSIS = YES;
				CLANG_WARN_STRICT_PROTOTYPES = YES;
				CLANG_WARN_SUSPICIOUS_MOVE = YES;
				CLANG_WARN_UNGUARDED_AVAILABILITY = YES_AGGRESSIVE;
				CLANG_WARN_UNREACHABLE_CODE = YES;
				CLANG_WARN__DUPLICATE_METHOD_MATCH = YES;
				CODE_SIGN_IDENTITY = "iPhone Developer";
				COPY_PHASE_STRIP = NO;
				DEBUG_INFORMATION_FORMAT = dwarf;
				ENABLE_STRICT_OBJC_MSGSEND = YES;
				ENABLE_TESTABILITY = YES;
				GCC_C_LANGUAGE_STANDARD = gnu11;
				GCC_DYNAMIC_NO_PIC = NO;
				GCC_NO_COMMON_BLOCKS = YES;
				GCC_OPTIMIZATION_LEVEL = 0;
				GCC_PREPROCESSOR_DEFINITIONS = (
					"DEBUG=1",
					"$(inherited)",
				);
				GCC_WARN_64_TO_32_BIT_CONVERSION = YES;
				GCC_WARN_ABOUT_RETURN_TYPE = YES_ERROR;
				GCC_WARN_UNDECLARED_SELECTOR = YES;
				GCC_WARN_UNINITIALIZED_AUTOS = YES_AGGRESSIVE;
				GCC_WARN_UNUSED_FUNCTION = YES;
				GCC_WARN_UNUSED_VARIABLE = YES;
				IPHONEOS_DEPLOYMENT_TARGET = 11.0;
				MTL_ENABLE_DEBUG_INFO = YES;
				ONLY_ACTIVE_ARCH = YES;
				SDKROOT = iphoneos;
			};
			name = Debug;
		};
		96F3F7C11F42AF95008F9821 /* Release */ = {
			isa = XCBuildConfiguration;
			buildSettings = {
				ALWAYS_SEARCH_USER_PATHS = NO;
				CLANG_ANALYZER_NONNULL = YES;
				CLANG_ANALYZER_NUMBER_OBJECT_CONVERSION = YES_AGGRESSIVE;
				CLANG_CXX_LANGUAGE_STANDARD = "gnu++14";
				CLANG_CXX_LIBRARY = "libc++";
				CLANG_ENABLE_MODULES = YES;
				CLANG_ENABLE_OBJC_ARC = YES;
				CLANG_WARN_BLOCK_CAPTURE_AUTORELEASING = YES;
				CLANG_WARN_BOOL_CONVERSION = YES;
				CLANG_WARN_COMMA = YES;
				CLANG_WARN_CONSTANT_CONVERSION = YES;
				CLANG_WARN_DIRECT_OBJC_ISA_USAGE = YES_ERROR;
				CLANG_WARN_DOCUMENTATION_COMMENTS = YES;
				CLANG_WARN_EMPTY_BODY = YES;
				CLANG_WARN_ENUM_CONVERSION = YES;
				CLANG_WARN_INFINITE_RECURSION = YES;
				CLANG_WARN_INT_CONVERSION = YES;
				CLANG_WARN_OBJC_ROOT_CLASS = YES_ERROR;
				CLANG_WARN_RANGE_LOOP_ANALYSIS = YES;
				CLANG_WARN_STRICT_PROTOTYPES = YES;
				CLANG_WARN_SUSPICIOUS_MOVE = YES;
				CLANG_WARN_UNGUARDED_AVAILABILITY = YES_AGGRESSIVE;
				CLANG_WARN_UNREACHABLE_CODE = YES;
				CLANG_WARN__DUPLICATE_METHOD_MATCH = YES;
				CODE_SIGN_IDENTITY = "iPhone Developer";
				COPY_PHASE_STRIP = NO;
				DEBUG_INFORMATION_FORMAT = "dwarf-with-dsym";
				ENABLE_NS_ASSERTIONS = NO;
				ENABLE_STRICT_OBJC_MSGSEND = YES;
				GCC_C_LANGUAGE_STANDARD = gnu11;
				GCC_NO_COMMON_BLOCKS = YES;
				GCC_WARN_64_TO_32_BIT_CONVERSION = YES;
				GCC_WARN_ABOUT_RETURN_TYPE = YES_ERROR;
				GCC_WARN_UNDECLARED_SELECTOR = YES;
				GCC_WARN_UNINITIALIZED_AUTOS = YES_AGGRESSIVE;
				GCC_WARN_UNUSED_FUNCTION = YES;
				GCC_WARN_UNUSED_VARIABLE = YES;
				IPHONEOS_DEPLOYMENT_TARGET = 11.0;
				MTL_ENABLE_DEBUG_INFO = NO;
				SDKROOT = iphoneos;
				VALIDATE_PRODUCT = YES;
			};
			name = Release;
		};
		96F3F7C31F42AF95008F9821 /* Debug */ = {
			isa = XCBuildConfiguration;
			buildSettings = {
				ASSETCATALOG_COMPILER_APPICON_NAME = AppIcon;
				DEVELOPMENT_TEAM = C2VVZK2VN8;
				INFOPLIST_FILE = "$(SRCROOT)/AudioPlayer/Supporting Files/Info.plist";
				IPHONEOS_DEPLOYMENT_TARGET = 10.3;
				LD_RUNPATH_SEARCH_PATHS = "$(inherited) @executable_path/Frameworks";
				PRODUCT_BUNDLE_IDENTIFIER = com.junchenghan.app.AudioPlayer;
				PRODUCT_NAME = "$(TARGET_NAME)";
				TARGETED_DEVICE_FAMILY = 1;
			};
			name = Debug;
		};
		96F3F7C41F42AF95008F9821 /* Release */ = {
			isa = XCBuildConfiguration;
			buildSettings = {
				ASSETCATALOG_COMPILER_APPICON_NAME = AppIcon;
				DEVELOPMENT_TEAM = C2VVZK2VN8;
				INFOPLIST_FILE = "$(SRCROOT)/AudioPlayer/Supporting Files/Info.plist";
				IPHONEOS_DEPLOYMENT_TARGET = 10.3;
				LD_RUNPATH_SEARCH_PATHS = "$(inherited) @executable_path/Frameworks";
				PRODUCT_BUNDLE_IDENTIFIER = com.junchenghan.app.AudioPlayer;
				PRODUCT_NAME = "$(TARGET_NAME)";
				TARGETED_DEVICE_FAMILY = 1;
			};
			name = Release;
		};
/* End XCBuildConfiguration section */

/* Begin XCConfigurationList section */
		96F3F7A71F42AF95008F9821 /* Build configuration list for PBXProject "AudioPlayer" */ = {
			isa = XCConfigurationList;
			buildConfigurations = (
				96F3F7C01F42AF95008F9821 /* Debug */,
				96F3F7C11F42AF95008F9821 /* Release */,
			);
			defaultConfigurationIsVisible = 0;
			defaultConfigurationName = Release;
		};
		96F3F7C21F42AF95008F9821 /* Build configuration list for PBXNativeTarget "AudioPlayer" */ = {
			isa = XCConfigurationList;
			buildConfigurations = (
				96F3F7C31F42AF95008F9821 /* Debug */,
				96F3F7C41F42AF95008F9821 /* Release */,
			);
			defaultConfigurationIsVisible = 0;
			defaultConfigurationName = Release;
		};
/* End XCConfigurationList section */
	};
	rootObject = 96F3F7A41F42AF95008F9821 /* Project object */;
}
