// !$*UTF8*$!
{
	archiveVersion = 1;
	classes = {
	};
	objectVersion = 48;
	objects = {

/* Begin PBXBuildFile section */
		961681621F5FA4DD00C04886 /* AVAsset+Addition.m in Sources */ = {isa = PBXBuildFile; fileRef = 961681611F5FA4DD00C04886 /* AVAsset+Addition.m */; };
		962797471F4E46E3004398C4 /* PlayerViewController.m in Sources */ = {isa = PBXBuildFile; fileRef = 962797461F4E46E3004398C4 /* PlayerViewController.m */; };
		962797491F4E48AB004398C4 /* hubblecast.m4v in Resources */ = {isa = PBXBuildFile; fileRef = 962797481F4E48AB004398C4 /* hubblecast.m4v */; };
		964782201F4FA20600A8008F /* JHOverlayView.m in Sources */ = {isa = PBXBuildFile; fileRef = 9647821F1F4FA20600A8008F /* JHOverlayView.m */; };
		964782241F4FA23D00A8008F /* JHOverlayView.xib in Resources */ = {isa = PBXBuildFile; fileRef = 964782231F4FA23D00A8008F /* JHOverlayView.xib */; };
		9679816A1F4D011400B8E6A4 /* JHPlayerView.m in Sources */ = {isa = PBXBuildFile; fileRef = 967981691F4D011400B8E6A4 /* JHPlayerView.m */; };
		96A19E6D1F4BAC7700B28747 /* AppDelegate.m in Sources */ = {isa = PBXBuildFile; fileRef = 96A19E6C1F4BAC7700B28747 /* AppDelegate.m */; };
		96A19E701F4BAC7700B28747 /* ViewController.m in Sources */ = {isa = PBXBuildFile; fileRef = 96A19E6F1F4BAC7700B28747 /* ViewController.m */; };
		96A19E731F4BAC7700B28747 /* Main.storyboard in Resources */ = {isa = PBXBuildFile; fileRef = 96A19E711F4BAC7700B28747 /* Main.storyboard */; };
		96A19E751F4BAC7700B28747 /* Assets.xcassets in Resources */ = {isa = PBXBuildFile; fileRef = 96A19E741F4BAC7700B28747 /* Assets.xcassets */; };
		96A19E781F4BAC7700B28747 /* LaunchScreen.storyboard in Resources */ = {isa = PBXBuildFile; fileRef = 96A19E761F4BAC7700B28747 /* LaunchScreen.storyboard */; };
		96A19E7B1F4BAC7700B28747 /* main.m in Sources */ = {isa = PBXBuildFile; fileRef = 96A19E7A1F4BAC7700B28747 /* main.m */; };
		96B4AE4A1F4D4277009B480E /* JHPlayerController.m in Sources */ = {isa = PBXBuildFile; fileRef = 96B4AE491F4D4277009B480E /* JHPlayerController.m */; };
/* End PBXBuildFile section */

/* Begin PBXFileReference section */
		961681601F5FA4DD00C04886 /* AVAsset+Addition.h */ = {isa = PBXFileReference; lastKnownFileType = sourcecode.c.h; path = "AVAsset+Addition.h"; sourceTree = "<group>"; };
		961681611F5FA4DD00C04886 /* AVAsset+Addition.m */ = {isa = PBXFileReference; lastKnownFileType = sourcecode.c.objc; path = "AVAsset+Addition.m"; sourceTree = "<group>"; };
		962797451F4E46E3004398C4 /* PlayerViewController.h */ = {isa = PBXFileReference; fileEncoding = 4; lastKnownFileType = sourcecode.c.h; path = PlayerViewController.h; sourceTree = "<group>"; };
		962797461F4E46E3004398C4 /* PlayerViewController.m */ = {isa = PBXFileReference; fileEncoding = 4; lastKnownFileType = sourcecode.c.objc; path = PlayerViewController.m; sourceTree = "<group>"; };
		962797481F4E48AB004398C4 /* hubblecast.m4v */ = {isa = PBXFileReference; lastKnownFileType = file; path = hubblecast.m4v; sourceTree = "<group>"; };
		9647821E1F4FA20600A8008F /* JHOverlayView.h */ = {isa = PBXFileReference; lastKnownFileType = sourcecode.c.h; path = JHOverlayView.h; sourceTree = "<group>"; };
		9647821F1F4FA20600A8008F /* JHOverlayView.m */ = {isa = PBXFileReference; lastKnownFileType = sourcecode.c.objc; path = JHOverlayView.m; sourceTree = "<group>"; };
		964782231F4FA23D00A8008F /* JHOverlayView.xib */ = {isa = PBXFileReference; lastKnownFileType = file.xib; path = JHOverlayView.xib; sourceTree = "<group>"; };
		967981681F4D011400B8E6A4 /* JHPlayerView.h */ = {isa = PBXFileReference; fileEncoding = 4; lastKnownFileType = sourcecode.c.h; path = JHPlayerView.h; sourceTree = "<group>"; };
		967981691F4D011400B8E6A4 /* JHPlayerView.m */ = {isa = PBXFileReference; fileEncoding = 4; lastKnownFileType = sourcecode.c.objc; path = JHPlayerView.m; sourceTree = "<group>"; };
		96A19E681F4BAC7700B28747 /* AVPlayer.app */ = {isa = PBXFileReference; explicitFileType = wrapper.application; includeInIndex = 0; path = AVPlayer.app; sourceTree = BUILT_PRODUCTS_DIR; };
		96A19E6B1F4BAC7700B28747 /* AppDelegate.h */ = {isa = PBXFileReference; lastKnownFileType = sourcecode.c.h; path = AppDelegate.h; sourceTree = "<group>"; };
		96A19E6C1F4BAC7700B28747 /* AppDelegate.m */ = {isa = PBXFileReference; lastKnownFileType = sourcecode.c.objc; path = AppDelegate.m; sourceTree = "<group>"; };
		96A19E6E1F4BAC7700B28747 /* ViewController.h */ = {isa = PBXFileReference; lastKnownFileType = sourcecode.c.h; path = ViewController.h; sourceTree = "<group>"; };
		96A19E6F1F4BAC7700B28747 /* ViewController.m */ = {isa = PBXFileReference; lastKnownFileType = sourcecode.c.objc; path = ViewController.m; sourceTree = "<group>"; };
		96A19E721F4BAC7700B28747 /* Base */ = {isa = PBXFileReference; lastKnownFileType = file.storyboard; name = Base; path = Base.lproj/Main.storyboard; sourceTree = "<group>"; };
		96A19E741F4BAC7700B28747 /* Assets.xcassets */ = {isa = PBXFileReference; lastKnownFileType = folder.assetcatalog; path = Assets.xcassets; sourceTree = "<group>"; };
		96A19E771F4BAC7700B28747 /* Base */ = {isa = PBXFileReference; lastKnownFileType = file.storyboard; name = Base; path = Base.lproj/LaunchScreen.storyboard; sourceTree = "<group>"; };
		96A19E791F4BAC7700B28747 /* Info.plist */ = {isa = PBXFileReference; lastKnownFileType = text.plist.xml; path = Info.plist; sourceTree = "<group>"; };
		96A19E7A1F4BAC7700B28747 /* main.m */ = {isa = PBXFileReference; lastKnownFileType = sourcecode.c.objc; path = main.m; sourceTree = "<group>"; };
		96B4AE481F4D4277009B480E /* JHPlayerController.h */ = {isa = PBXFileReference; lastKnownFileType = sourcecode.c.h; path = JHPlayerController.h; sourceTree = "<group>"; };
		96B4AE491F4D4277009B480E /* JHPlayerController.m */ = {isa = PBXFileReference; lastKnownFileType = sourcecode.c.objc; path = JHPlayerController.m; sourceTree = "<group>"; };
/* End PBXFileReference section */

/* Begin PBXFrameworksBuildPhase section */
		96A19E651F4BAC7700B28747 /* Frameworks */ = {
			isa = PBXFrameworksBuildPhase;
			buildActionMask = 2147483647;
			files = (
			);
			runOnlyForDeploymentPostprocessing = 0;
		};
/* End PBXFrameworksBuildPhase section */

/* Begin PBXGroup section */
		9616815F1F5FA47F00C04886 /* Catagories */ = {
			isa = PBXGroup;
			children = (
				961681601F5FA4DD00C04886 /* AVAsset+Addition.h */,
				961681611F5FA4DD00C04886 /* AVAsset+Addition.m */,
			);
			path = Catagories;
			sourceTree = "<group>";
		};
		96A19E5F1F4BAC7700B28747 = {
			isa = PBXGroup;
			children = (
				96A19E6A1F4BAC7700B28747 /* AVPlayer */,
				96A19E691F4BAC7700B28747 /* Products */,
			);
			sourceTree = "<group>";
		};
		96A19E691F4BAC7700B28747 /* Products */ = {
			isa = PBXGroup;
			children = (
				96A19E681F4BAC7700B28747 /* AVPlayer.app */,
			);
			name = Products;
			sourceTree = "<group>";
		};
		96A19E6A1F4BAC7700B28747 /* AVPlayer */ = {
			isa = PBXGroup;
			children = (
				9616815F1F5FA47F00C04886 /* Catagories */,
				962797481F4E48AB004398C4 /* hubblecast.m4v */,
				96BA7F0B1F4CE26000AF95E3 /* JHAVPlayerController */,
				96A19E6B1F4BAC7700B28747 /* AppDelegate.h */,
				96A19E6C1F4BAC7700B28747 /* AppDelegate.m */,
				96A19E6E1F4BAC7700B28747 /* ViewController.h */,
				96A19E6F1F4BAC7700B28747 /* ViewController.m */,
				962797451F4E46E3004398C4 /* PlayerViewController.h */,
				962797461F4E46E3004398C4 /* PlayerViewController.m */,
				96A19E711F4BAC7700B28747 /* Main.storyboard */,
				96A19E741F4BAC7700B28747 /* Assets.xcassets */,
				96A19E761F4BAC7700B28747 /* LaunchScreen.storyboard */,
				96A19E791F4BAC7700B28747 /* Info.plist */,
				96A19E7A1F4BAC7700B28747 /* main.m */,
			);
			path = AVPlayer;
			sourceTree = "<group>";
		};
		96BA7F0B1F4CE26000AF95E3 /* JHAVPlayerController */ = {
			isa = PBXGroup;
			children = (
				96E43AD01F60E32D00068E35 /* Views */,
				96B4AE481F4D4277009B480E /* JHPlayerController.h */,
				96B4AE491F4D4277009B480E /* JHPlayerController.m */,
			);
			path = JHAVPlayerController;
			sourceTree = "<group>";
		};
		96E43AD01F60E32D00068E35 /* Views */ = {
			isa = PBXGroup;
			children = (
				967981681F4D011400B8E6A4 /* JHPlayerView.h */,
				967981691F4D011400B8E6A4 /* JHPlayerView.m */,
				9647821E1F4FA20600A8008F /* JHOverlayView.h */,
				9647821F1F4FA20600A8008F /* JHOverlayView.m */,
				964782231F4FA23D00A8008F /* JHOverlayView.xib */,
			);
			path = Views;
			sourceTree = "<group>";
		};
/* End PBXGroup section */

/* Begin PBXNativeTarget section */
		96A19E671F4BAC7700B28747 /* AVPlayer */ = {
			isa = PBXNativeTarget;
			buildConfigurationList = 96A19E7E1F4BAC7700B28747 /* Build configuration list for PBXNativeTarget "AVPlayer" */;
			buildPhases = (
				96A19E641F4BAC7700B28747 /* Sources */,
				96A19E651F4BAC7700B28747 /* Frameworks */,
				96A19E661F4BAC7700B28747 /* Resources */,
			);
			buildRules = (
			);
			dependencies = (
			);
			name = AVPlayer;
			productName = AVPlayer;
			productReference = 96A19E681F4BAC7700B28747 /* AVPlayer.app */;
			productType = "com.apple.product-type.application";
		};
/* End PBXNativeTarget section */

/* Begin PBXProject section */
		96A19E601F4BAC7700B28747 /* Project object */ = {
			isa = PBXProject;
			attributes = {
				LastUpgradeCheck = 0900;
				ORGANIZATIONNAME = "Jason H.";
				TargetAttributes = {
					96A19E671F4BAC7700B28747 = {
						CreatedOnToolsVersion = 9.0;
						SystemCapabilities = {
							com.apple.BackgroundModes = {
								enabled = 1;
							};
						};
					};
				};
			};
			buildConfigurationList = 96A19E631F4BAC7700B28747 /* Build configuration list for PBXProject "AVPlayer" */;
			compatibilityVersion = "Xcode 8.0";
			developmentRegion = en;
			hasScannedForEncodings = 0;
			knownRegions = (
				en,
				Base,
			);
			mainGroup = 96A19E5F1F4BAC7700B28747;
			productRefGroup = 96A19E691F4BAC7700B28747 /* Products */;
			projectDirPath = "";
			projectRoot = "";
			targets = (
				96A19E671F4BAC7700B28747 /* AVPlayer */,
			);
		};
/* End PBXProject section */

/* Begin PBXResourcesBuildPhase section */
		96A19E661F4BAC7700B28747 /* Resources */ = {
			isa = PBXResourcesBuildPhase;
			buildActionMask = 2147483647;
			files = (
				962797491F4E48AB004398C4 /* hubblecast.m4v in Resources */,
				96A19E781F4BAC7700B28747 /* LaunchScreen.storyboard in Resources */,
				96A19E751F4BAC7700B28747 /* Assets.xcassets in Resources */,
				964782241F4FA23D00A8008F /* JHOverlayView.xib in Resources */,
				96A19E731F4BAC7700B28747 /* Main.storyboard in Resources */,
			);
			runOnlyForDeploymentPostprocessing = 0;
		};
/* End PBXResourcesBuildPhase section */

/* Begin PBXSourcesBuildPhase section */
		96A19E641F4BAC7700B28747 /* Sources */ = {
			isa = PBXSourcesBuildPhase;
			buildActionMask = 2147483647;
			files = (
				96A19E701F4BAC7700B28747 /* ViewController.m in Sources */,
				96A19E7B1F4BAC7700B28747 /* main.m in Sources */,
				964782201F4FA20600A8008F /* JHOverlayView.m in Sources */,
				961681621F5FA4DD00C04886 /* AVAsset+Addition.m in Sources */,
				96B4AE4A1F4D4277009B480E /* JHPlayerController.m in Sources */,
				96A19E6D1F4BAC7700B28747 /* AppDelegate.m in Sources */,
				9679816A1F4D011400B8E6A4 /* JHPlayerView.m in Sources */,
				962797471F4E46E3004398C4 /* PlayerViewController.m in Sources */,
			);
			runOnlyForDeploymentPostprocessing = 0;
		};
/* End PBXSourcesBuildPhase section */

/* Begin PBXVariantGroup section */
		96A19E711F4BAC7700B28747 /* Main.storyboard */ = {
			isa = PBXVariantGroup;
			children = (
				96A19E721F4BAC7700B28747 /* Base */,
			);
			name = Main.storyboard;
			sourceTree = "<group>";
		};
		96A19E761F4BAC7700B28747 /* LaunchScreen.storyboard */ = {
			isa = PBXVariantGroup;
			children = (
				96A19E771F4BAC7700B28747 /* Base */,
			);
			name = LaunchScreen.storyboard;
			sourceTree = "<group>";
		};
/* End PBXVariantGroup section */

/* Begin XCBuildConfiguration section */
		96A19E7C1F4BAC7700B28747 /* Debug */ = {
			isa = XCBuildConfiguration;
			buildSettings = {
				ALWAYS_SEARCH_USER_PATHS = NO;
				CLANG_ANALYZER_NONNULL = YES;
				CLANG_ANALYZER_NUMBER_OBJECT_CONVERSION = YES_AGGRESSIVE;
				CLANG_CXX_LANGUAGE_STANDARD = "gnu++14";
				CLANG_CXX_LIBRARY = "libc++";
				CLANG_ENABLE_MODULES = YES;
				CLANG_ENABLE_OBJC_ARC = YES;
				CLANG_WARN_BLOCK_CAPTURE_AUTORELEASING = YES;
				CLANG_WARN_BOOL_CONVERSION = YES;
				CLANG_WARN_COMMA = YES;
				CLANG_WARN_CONSTANT_CONVERSION = YES;
				CLANG_WARN_DIRECT_OBJC_ISA_USAGE = YES_ERROR;
				CLANG_WARN_DOCUMENTATION_COMMENTS = YES;
				CLANG_WARN_EMPTY_BODY = YES;
				CLANG_WARN_ENUM_CONVERSION = YES;
				CLANG_WARN_INFINITE_RECURSION = YES;
				CLANG_WARN_INT_CONVERSION = YES;
				CLANG_WARN_NON_LITERAL_NULL_CONVERSION = YES;
				CLANG_WARN_OBJC_LITERAL_CONVERSION = YES;
				CLANG_WARN_OBJC_ROOT_CLASS = YES_ERROR;
				CLANG_WARN_RANGE_LOOP_ANALYSIS = YES;
				CLANG_WARN_STRICT_PROTOTYPES = YES;
				CLANG_WARN_SUSPICIOUS_MOVE = YES;
				CLANG_WARN_UNGUARDED_AVAILABILITY = YES_AGGRESSIVE;
				CLANG_WARN_UNREACHABLE_CODE = YES;
				CLANG_WARN__DUPLICATE_METHOD_MATCH = YES;
				CODE_SIGN_IDENTITY = "iPhone Developer";
				COPY_PHASE_STRIP = NO;
				DEBUG_INFORMATION_FORMAT = dwarf;
				ENABLE_STRICT_OBJC_MSGSEND = YES;
				ENABLE_TESTABILITY = YES;
				GCC_C_LANGUAGE_STANDARD = gnu11;
				GCC_DYNAMIC_NO_PIC = NO;
				GCC_NO_COMMON_BLOCKS = YES;
				GCC_OPTIMIZATION_LEVEL = 0;
				GCC_PREPROCESSOR_DEFINITIONS = (
					"DEBUG=1",
					"$(inherited)",
				);
				GCC_WARN_64_TO_32_BIT_CONVERSION = YES;
				GCC_WARN_ABOUT_RETURN_TYPE = YES_ERROR;
				GCC_WARN_UNDECLARED_SELECTOR = YES;
				GCC_WARN_UNINITIALIZED_AUTOS = YES_AGGRESSIVE;
				GCC_WARN_UNUSED_FUNCTION = YES;
				GCC_WARN_UNUSED_VARIABLE = YES;
				IPHONEOS_DEPLOYMENT_TARGET = 11.0;
				MTL_ENABLE_DEBUG_INFO = YES;
				ONLY_ACTIVE_ARCH = YES;
				SDKROOT = iphoneos;
			};
			name = Debug;
		};
		96A19E7D1F4BAC7700B28747 /* Release */ = {
			isa = XCBuildConfiguration;
			buildSettings = {
				ALWAYS_SEARCH_USER_PATHS = NO;
				CLANG_ANALYZER_NONNULL = YES;
				CLANG_ANALYZER_NUMBER_OBJECT_CONVERSION = YES_AGGRESSIVE;
				CLANG_CXX_LANGUAGE_STANDARD = "gnu++14";
				CLANG_CXX_LIBRARY = "libc++";
				CLANG_ENABLE_MODULES = YES;
				CLANG_ENABLE_OBJC_ARC = YES;
				CLANG_WARN_BLOCK_CAPTURE_AUTORELEASING = YES;
				CLANG_WARN_BOOL_CONVERSION = YES;
				CLANG_WARN_COMMA = YES;
				CLANG_WARN_CONSTANT_CONVERSION = YES;
				CLANG_WARN_DIRECT_OBJC_ISA_USAGE = YES_ERROR;
				CLANG_WARN_DOCUMENTATION_COMMENTS = YES;
				CLANG_WARN_EMPTY_BODY = YES;
				CLANG_WARN_ENUM_CONVERSION = YES;
				CLANG_WARN_INFINITE_RECURSION = YES;
				CLANG_WARN_INT_CONVERSION = YES;
				CLANG_WARN_NON_LITERAL_NULL_CONVERSION = YES;
				CLANG_WARN_OBJC_LITERAL_CONVERSION = YES;
				CLANG_WARN_OBJC_ROOT_CLASS = YES_ERROR;
				CLANG_WARN_RANGE_LOOP_ANALYSIS = YES;
				CLANG_WARN_STRICT_PROTOTYPES = YES;
				CLANG_WARN_SUSPICIOUS_MOVE = YES;
				CLANG_WARN_UNGUARDED_AVAILABILITY = YES_AGGRESSIVE;
				CLANG_WARN_UNREACHABLE_CODE = YES;
				CLANG_WARN__DUPLICATE_METHOD_MATCH = YES;
				CODE_SIGN_IDENTITY = "iPhone Developer";
				COPY_PHASE_STRIP = NO;
				DEBUG_INFORMATION_FORMAT = "dwarf-with-dsym";
				ENABLE_NS_ASSERTIONS = NO;
				ENABLE_STRICT_OBJC_MSGSEND = YES;
				GCC_C_LANGUAGE_STANDARD = gnu11;
				GCC_NO_COMMON_BLOCKS = YES;
				GCC_WARN_64_TO_32_BIT_CONVERSION = YES;
				GCC_WARN_ABOUT_RETURN_TYPE = YES_ERROR;
				GCC_WARN_UNDECLARED_SELECTOR = YES;
				GCC_WARN_UNINITIALIZED_AUTOS = YES_AGGRESSIVE;
				GCC_WARN_UNUSED_FUNCTION = YES;
				GCC_WARN_UNUSED_VARIABLE = YES;
				IPHONEOS_DEPLOYMENT_TARGET = 11.0;
				MTL_ENABLE_DEBUG_INFO = NO;
				SDKROOT = iphoneos;
				VALIDATE_PRODUCT = YES;
			};
			name = Release;
		};
		96A19E7F1F4BAC7700B28747 /* Debug */ = {
			isa = XCBuildConfiguration;
			buildSettings = {
				ASSETCATALOG_COMPILER_APPICON_NAME = AppIcon;
				DEVELOPMENT_TEAM = C2VVZK2VN8;
				INFOPLIST_FILE = AVPlayer/Info.plist;
				IPHONEOS_DEPLOYMENT_TARGET = 10.3;
				LD_RUNPATH_SEARCH_PATHS = "$(inherited) @executable_path/Frameworks";
				PRODUCT_BUNDLE_IDENTIFIER = com.junchenghan.app.AVPlayer;
				PRODUCT_NAME = "$(TARGET_NAME)";
				TARGETED_DEVICE_FAMILY = 1;
			};
			name = Debug;
		};
		96A19E801F4BAC7700B28747 /* Release */ = {
			isa = XCBuildConfiguration;
			buildSettings = {
				ASSETCATALOG_COMPILER_APPICON_NAME = AppIcon;
				DEVELOPMENT_TEAM = C2VVZK2VN8;
				INFOPLIST_FILE = AVPlayer/Info.plist;
				IPHONEOS_DEPLOYMENT_TARGET = 10.3;
				LD_RUNPATH_SEARCH_PATHS = "$(inherited) @executable_path/Frameworks";
				PRODUCT_BUNDLE_IDENTIFIER = com.junchenghan.app.AVPlayer;
				PRODUCT_NAME = "$(TARGET_NAME)";
				TARGETED_DEVICE_FAMILY = 1;
			};
			name = Release;
		};
/* End XCBuildConfiguration section */

/* Begin XCConfigurationList section */
		96A19E631F4BAC7700B28747 /* Build configuration list for PBXProject "AVPlayer" */ = {
			isa = XCConfigurationList;
			buildConfigurations = (
				96A19E7C1F4BAC7700B28747 /* Debug */,
				96A19E7D1F4BAC7700B28747 /* Release */,
			);
			defaultConfigurationIsVisible = 0;
			defaultConfigurationName = Release;
		};
		96A19E7E1F4BAC7700B28747 /* Build configuration list for PBXNativeTarget "AVPlayer" */ = {
			isa = XCConfigurationList;
			buildConfigurations = (
				96A19E7F1F4BAC7700B28747 /* Debug */,
				96A19E801F4BAC7700B28747 /* Release */,
			);
			defaultConfigurationIsVisible = 0;
			defaultConfigurationName = Release;
		};
/* End XCConfigurationList section */
	};
	rootObject = 96A19E601F4BAC7700B28747 /* Project object */;
}
