// !$*UTF8*$!
{
	archiveVersion = 1;
	classes = {
	};
	objectVersion = 46;
	objects = {

/* Begin PBXBuildFile section */
		9611EC1E1F46360F009EB258 /* Record.m in Sources */ = {isa = PBXBuildFile; fileRef = 9611EC1D1F46360F009EB258 /* Record.m */; };
		9611EC231F46493E009EB258 /* AudioLevels.m in Sources */ = {isa = PBXBuildFile; fileRef = 9611EC221F46493E009EB258 /* AudioLevels.m */; };
		966843601F43CCEA00F8D40E /* main.m in Sources */ = {isa = PBXBuildFile; fileRef = 9668435F1F43CCEA00F8D40E /* main.m */; };
		966843631F43CCEA00F8D40E /* AppDelegate.m in Sources */ = {isa = PBXBuildFile; fileRef = 966843621F43CCEA00F8D40E /* AppDelegate.m */; };
		966843661F43CCEA00F8D40E /* ViewController.m in Sources */ = {isa = PBXBuildFile; fileRef = 966843651F43CCEA00F8D40E /* ViewController.m */; };
		966843691F43CCEA00F8D40E /* Main.storyboard in Resources */ = {isa = PBXBuildFile; fileRef = 966843671F43CCEA00F8D40E /* Main.storyboard */; };
		9668436B1F43CCEA00F8D40E /* Assets.xcassets in Resources */ = {isa = PBXBuildFile; fileRef = 9668436A1F43CCEA00F8D40E /* Assets.xcassets */; };
		9668436E1F43CCEA00F8D40E /* LaunchScreen.storyboard in Resources */ = {isa = PBXBuildFile; fileRef = 9668436C1F43CCEA00F8D40E /* LaunchScreen.storyboard */; };
		9668437C1F43D98600F8D40E /* JHAudioRecorder.m in Sources */ = {isa = PBXBuildFile; fileRef = 9668437B1F43D98600F8D40E /* JHAudioRecorder.m */; };
		966843801F440AA600F8D40E /* RecordCell.m in Sources */ = {isa = PBXBuildFile; fileRef = 9668437F1F440AA600F8D40E /* RecordCell.m */; };
/* End PBXBuildFile section */

/* Begin PBXFileReference section */
		9611EC1C1F46360F009EB258 /* Record.h */ = {isa = PBXFileReference; lastKnownFileType = sourcecode.c.h; path = Record.h; sourceTree = "<group>"; };
		9611EC1D1F46360F009EB258 /* Record.m */ = {isa = PBXFileReference; lastKnownFileType = sourcecode.c.objc; path = Record.m; sourceTree = "<group>"; };
		9611EC211F46493E009EB258 /* AudioLevels.h */ = {isa = PBXFileReference; lastKnownFileType = sourcecode.c.h; path = AudioLevels.h; sourceTree = "<group>"; };
		9611EC221F46493E009EB258 /* AudioLevels.m */ = {isa = PBXFileReference; lastKnownFileType = sourcecode.c.objc; path = AudioLevels.m; sourceTree = "<group>"; };
		9668435B1F43CCEA00F8D40E /* AVAudioRecorder.app */ = {isa = PBXFileReference; explicitFileType = wrapper.application; includeInIndex = 0; path = AVAudioRecorder.app; sourceTree = BUILT_PRODUCTS_DIR; };
		9668435F1F43CCEA00F8D40E /* main.m */ = {isa = PBXFileReference; lastKnownFileType = sourcecode.c.objc; path = main.m; sourceTree = "<group>"; };
		966843611F43CCEA00F8D40E /* AppDelegate.h */ = {isa = PBXFileReference; lastKnownFileType = sourcecode.c.h; path = AppDelegate.h; sourceTree = "<group>"; };
		966843621F43CCEA00F8D40E /* AppDelegate.m */ = {isa = PBXFileReference; lastKnownFileType = sourcecode.c.objc; path = AppDelegate.m; sourceTree = "<group>"; };
		966843641F43CCEA00F8D40E /* ViewController.h */ = {isa = PBXFileReference; lastKnownFileType = sourcecode.c.h; path = ViewController.h; sourceTree = "<group>"; };
		966843651F43CCEA00F8D40E /* ViewController.m */ = {isa = PBXFileReference; lastKnownFileType = sourcecode.c.objc; path = ViewController.m; sourceTree = "<group>"; };
		966843681F43CCEA00F8D40E /* Base */ = {isa = PBXFileReference; lastKnownFileType = file.storyboard; name = Base; path = Base.lproj/Main.storyboard; sourceTree = "<group>"; };
		9668436A1F43CCEA00F8D40E /* Assets.xcassets */ = {isa = PBXFileReference; lastKnownFileType = folder.assetcatalog; path = Assets.xcassets; sourceTree = "<group>"; };
		9668436D1F43CCEA00F8D40E /* Base */ = {isa = PBXFileReference; lastKnownFileType = file.storyboard; name = Base; path = Base.lproj/LaunchScreen.storyboard; sourceTree = "<group>"; };
		9668436F1F43CCEA00F8D40E /* Info.plist */ = {isa = PBXFileReference; lastKnownFileType = text.plist.xml; path = Info.plist; sourceTree = "<group>"; };
		9668437A1F43D98600F8D40E /* JHAudioRecorder.h */ = {isa = PBXFileReference; fileEncoding = 4; lastKnownFileType = sourcecode.c.h; path = JHAudioRecorder.h; sourceTree = "<group>"; };
		9668437B1F43D98600F8D40E /* JHAudioRecorder.m */ = {isa = PBXFileReference; fileEncoding = 4; lastKnownFileType = sourcecode.c.objc; path = JHAudioRecorder.m; sourceTree = "<group>"; };
		9668437E1F440AA600F8D40E /* RecordCell.h */ = {isa = PBXFileReference; fileEncoding = 4; lastKnownFileType = sourcecode.c.h; path = RecordCell.h; sourceTree = "<group>"; };
		9668437F1F440AA600F8D40E /* RecordCell.m */ = {isa = PBXFileReference; fileEncoding = 4; lastKnownFileType = sourcecode.c.objc; path = RecordCell.m; sourceTree = "<group>"; };
/* End PBXFileReference section */

/* Begin PBXFrameworksBuildPhase section */
		966843581F43CCEA00F8D40E /* Frameworks */ = {
			isa = PBXFrameworksBuildPhase;
			buildActionMask = 2147483647;
			files = (
			);
			runOnlyForDeploymentPostprocessing = 0;
		};
/* End PBXFrameworksBuildPhase section */

/* Begin PBXGroup section */
		9611EC1F1F464826009EB258 /* Recorder */ = {
			isa = PBXGroup;
			children = (
				9668437A1F43D98600F8D40E /* JHAudioRecorder.h */,
				9668437B1F43D98600F8D40E /* JHAudioRecorder.m */,
			);
			path = Recorder;
			sourceTree = "<group>";
		};
		9611EC201F464843009EB258 /* Model */ = {
			isa = PBXGroup;
			children = (
				9611EC1C1F46360F009EB258 /* Record.h */,
				9611EC1D1F46360F009EB258 /* Record.m */,
				9611EC211F46493E009EB258 /* AudioLevels.h */,
				9611EC221F46493E009EB258 /* AudioLevels.m */,
			);
			path = Model;
			sourceTree = "<group>";
		};
		966843521F43CCE900F8D40E = {
			isa = PBXGroup;
			children = (
				9668435D1F43CCEA00F8D40E /* AVAudioRecorder */,
				9668435C1F43CCEA00F8D40E /* Products */,
			);
			sourceTree = "<group>";
		};
		9668435C1F43CCEA00F8D40E /* Products */ = {
			isa = PBXGroup;
			children = (
				9668435B1F43CCEA00F8D40E /* AVAudioRecorder.app */,
			);
			name = Products;
			sourceTree = "<group>";
		};
		9668435D1F43CCEA00F8D40E /* AVAudioRecorder */ = {
			isa = PBXGroup;
			children = (
				9611EC201F464843009EB258 /* Model */,
				9611EC1F1F464826009EB258 /* Recorder */,
				9668437D1F440A7B00F8D40E /* UI */,
				966843611F43CCEA00F8D40E /* AppDelegate.h */,
				966843621F43CCEA00F8D40E /* AppDelegate.m */,
				966843641F43CCEA00F8D40E /* ViewController.h */,
				966843651F43CCEA00F8D40E /* ViewController.m */,
				966843671F43CCEA00F8D40E /* Main.storyboard */,
				9668436A1F43CCEA00F8D40E /* Assets.xcassets */,
				9668436C1F43CCEA00F8D40E /* LaunchScreen.storyboard */,
				9668436F1F43CCEA00F8D40E /* Info.plist */,
				9668435E1F43CCEA00F8D40E /* Supporting Files */,
			);
			path = AVAudioRecorder;
			sourceTree = "<group>";
		};
		9668435E1F43CCEA00F8D40E /* Supporting Files */ = {
			isa = PBXGroup;
			children = (
				9668435F1F43CCEA00F8D40E /* main.m */,
			);
			name = "Supporting Files";
			sourceTree = "<group>";
		};
		9668437D1F440A7B00F8D40E /* UI */ = {
			isa = PBXGroup;
			children = (
				9668437E1F440AA600F8D40E /* RecordCell.h */,
				9668437F1F440AA600F8D40E /* RecordCell.m */,
			);
			name = UI;
			sourceTree = "<group>";
		};
/* End PBXGroup section */

/* Begin PBXNativeTarget section */
		9668435A1F43CCEA00F8D40E /* AVAudioRecorder */ = {
			isa = PBXNativeTarget;
			buildConfigurationList = 966843721F43CCEA00F8D40E /* Build configuration list for PBXNativeTarget "AVAudioRecorder" */;
			buildPhases = (
				966843571F43CCEA00F8D40E /* Sources */,
				966843581F43CCEA00F8D40E /* Frameworks */,
				966843591F43CCEA00F8D40E /* Resources */,
			);
			buildRules = (
			);
			dependencies = (
			);
			name = AVAudioRecorder;
			productName = AVAudioRecorder;
			productReference = 9668435B1F43CCEA00F8D40E /* AVAudioRecorder.app */;
			productType = "com.apple.product-type.application";
		};
/* End PBXNativeTarget section */

/* Begin PBXProject section */
		966843531F43CCEA00F8D40E /* Project object */ = {
			isa = PBXProject;
			attributes = {
				LastUpgradeCheck = 0900;
				ORGANIZATIONNAME = "Jason H.";
				TargetAttributes = {
					9668435A1F43CCEA00F8D40E = {
						CreatedOnToolsVersion = 8.3.3;
						DevelopmentTeam = C2VVZK2VN8;
						ProvisioningStyle = Automatic;
					};
				};
			};
			buildConfigurationList = 966843561F43CCEA00F8D40E /* Build configuration list for PBXProject "AVAudioRecorder" */;
			compatibilityVersion = "Xcode 3.2";
			developmentRegion = English;
			hasScannedForEncodings = 0;
			knownRegions = (
				en,
				Base,
			);
			mainGroup = 966843521F43CCE900F8D40E;
			productRefGroup = 9668435C1F43CCEA00F8D40E /* Products */;
			projectDirPath = "";
			projectRoot = "";
			targets = (
				9668435A1F43CCEA00F8D40E /* AVAudioRecorder */,
			);
		};
/* End PBXProject section */

/* Begin PBXResourcesBuildPhase section */
		966843591F43CCEA00F8D40E /* Resources */ = {
			isa = PBXResourcesBuildPhase;
			buildActionMask = 2147483647;
			files = (
				9668436E1F43CCEA00F8D40E /* LaunchScreen.storyboard in Resources */,
				9668436B1F43CCEA00F8D40E /* Assets.xcassets in Resources */,
				966843691F43CCEA00F8D40E /* Main.storyboard in Resources */,
			);
			runOnlyForDeploymentPostprocessing = 0;
		};
/* End PBXResourcesBuildPhase section */

/* Begin PBXSourcesBuildPhase section */
		966843571F43CCEA00F8D40E /* Sources */ = {
			isa = PBXSourcesBuildPhase;
			buildActionMask = 2147483647;
			files = (
				9611EC231F46493E009EB258 /* AudioLevels.m in Sources */,
				9668437C1F43D98600F8D40E /* JHAudioRecorder.m in Sources */,
				966843661F43CCEA00F8D40E /* ViewController.m in Sources */,
				966843801F440AA600F8D40E /* RecordCell.m in Sources */,
				966843631F43CCEA00F8D40E /* AppDelegate.m in Sources */,
				9611EC1E1F46360F009EB258 /* Record.m in Sources */,
				966843601F43CCEA00F8D40E /* main.m in Sources */,
			);
			runOnlyForDeploymentPostprocessing = 0;
		};
/* End PBXSourcesBuildPhase section */

/* Begin PBXVariantGroup section */
		966843671F43CCEA00F8D40E /* Main.storyboard */ = {
			isa = PBXVariantGroup;
			children = (
				966843681F43CCEA00F8D40E /* Base */,
			);
			name = Main.storyboard;
			sourceTree = "<group>";
		};
		9668436C1F43CCEA00F8D40E /* LaunchScreen.storyboard */ = {
			isa = PBXVariantGroup;
			children = (
				9668436D1F43CCEA00F8D40E /* Base */,
			);
			name = LaunchScreen.storyboard;
			sourceTree = "<group>";
		};
/* End PBXVariantGroup section */

/* Begin XCBuildConfiguration section */
		966843701F43CCEA00F8D40E /* Debug */ = {
			isa = XCBuildConfiguration;
			buildSettings = {
				ALWAYS_SEARCH_USER_PATHS = NO;
				CLANG_ANALYZER_NONNULL = YES;
				CLANG_ANALYZER_NUMBER_OBJECT_CONVERSION = YES_AGGRESSIVE;
				CLANG_CXX_LANGUAGE_STANDARD = "gnu++0x";
				CLANG_CXX_LIBRARY = "libc++";
				CLANG_ENABLE_MODULES = YES;
				CLANG_ENABLE_OBJC_ARC = YES;
				CLANG_WARN_BLOCK_CAPTURE_AUTORELEASING = YES;
				CLANG_WARN_BOOL_CONVERSION = YES;
				CLANG_WARN_COMMA = YES;
				CLANG_WARN_CONSTANT_CONVERSION = YES;
				CLANG_WARN_DIRECT_OBJC_ISA_USAGE = YES_ERROR;
				CLANG_WARN_DOCUMENTATION_COMMENTS = YES;
				CLANG_WARN_EMPTY_BODY = YES;
				CLANG_WARN_ENUM_CONVERSION = YES;
				CLANG_WARN_INFINITE_RECURSION = YES;
				CLANG_WARN_INT_CONVERSION = YES;
				CLANG_WARN_NON_LITERAL_NULL_CONVERSION = YES;
				CLANG_WARN_OBJC_LITERAL_CONVERSION = YES;
				CLANG_WARN_OBJC_ROOT_CLASS = YES_ERROR;
				CLANG_WARN_RANGE_LOOP_ANALYSIS = YES;
				CLANG_WARN_STRICT_PROTOTYPES = YES;
				CLANG_WARN_SUSPICIOUS_MOVE = YES;
				CLANG_WARN_UNREACHABLE_CODE = YES;
				CLANG_WARN__DUPLICATE_METHOD_MATCH = YES;
				"CODE_SIGN_IDENTITY[sdk=iphoneos*]" = "iPhone Developer";
				COPY_PHASE_STRIP = NO;
				DEBUG_INFORMATION_FORMAT = dwarf;
				ENABLE_STRICT_OBJC_MSGSEND = YES;
				ENABLE_TESTABILITY = YES;
				GCC_C_LANGUAGE_STANDARD = gnu99;
				GCC_DYNAMIC_NO_PIC = NO;
				GCC_NO_COMMON_BLOCKS = YES;
				GCC_OPTIMIZATION_LEVEL = 0;
				GCC_PREPROCESSOR_DEFINITIONS = (
					"DEBUG=1",
					"$(inherited)",
				);
				GCC_WARN_64_TO_32_BIT_CONVERSION = YES;
				GCC_WARN_ABOUT_RETURN_TYPE = YES_ERROR;
				GCC_WARN_UNDECLARED_SELECTOR = YES;
				GCC_WARN_UNINITIALIZED_AUTOS = YES_AGGRESSIVE;
				GCC_WARN_UNUSED_FUNCTION = YES;
				GCC_WARN_UNUSED_VARIABLE = YES;
				IPHONEOS_DEPLOYMENT_TARGET = 10.3;
				MTL_ENABLE_DEBUG_INFO = YES;
				ONLY_ACTIVE_ARCH = YES;
				SDKROOT = iphoneos;
			};
			name = Debug;
		};
		966843711F43CCEA00F8D40E /* Release */ = {
			isa = XCBuildConfiguration;
			buildSettings = {
				ALWAYS_SEARCH_USER_PATHS = NO;
				CLANG_ANALYZER_NONNULL = YES;
				CLANG_ANALYZER_NUMBER_OBJECT_CONVERSION = YES_AGGRESSIVE;
				CLANG_CXX_LANGUAGE_STANDARD = "gnu++0x";
				CLANG_CXX_LIBRARY = "libc++";
				CLANG_ENABLE_MODULES = YES;
				CLANG_ENABLE_OBJC_ARC = YES;
				CLANG_WARN_BLOCK_CAPTURE_AUTORELEASING = YES;
				CLANG_WARN_BOOL_CONVERSION = YES;
				CLANG_WARN_COMMA = YES;
				CLANG_WARN_CONSTANT_CONVERSION = YES;
				CLANG_WARN_DIRECT_OBJC_ISA_USAGE = YES_ERROR;
				CLANG_WARN_DOCUMENTATION_COMMENTS = YES;
				CLANG_WARN_EMPTY_BODY = YES;
				CLANG_WARN_ENUM_CONVERSION = YES;
				CLANG_WARN_INFINITE_RECURSION = YES;
				CLANG_WARN_INT_CONVERSION = YES;
				CLANG_WARN_NON_LITERAL_NULL_CONVERSION = YES;
				CLANG_WARN_OBJC_LITERAL_CONVERSION = YES;
				CLANG_WARN_OBJC_ROOT_CLASS = YES_ERROR;
				CLANG_WARN_RANGE_LOOP_ANALYSIS = YES;
				CLANG_WARN_STRICT_PROTOTYPES = YES;
				CLANG_WARN_SUSPICIOUS_MOVE = YES;
				CLANG_WARN_UNREACHABLE_CODE = YES;
				CLANG_WARN__DUPLICATE_METHOD_MATCH = YES;
				"CODE_SIGN_IDENTITY[sdk=iphoneos*]" = "iPhone Developer";
				COPY_PHASE_STRIP = NO;
				DEBUG_INFORMATION_FORMAT = "dwarf-with-dsym";
				ENABLE_NS_ASSERTIONS = NO;
				ENABLE_STRICT_OBJC_MSGSEND = YES;
				GCC_C_LANGUAGE_STANDARD = gnu99;
				GCC_NO_COMMON_BLOCKS = YES;
				GCC_WARN_64_TO_32_BIT_CONVERSION = YES;
				GCC_WARN_ABOUT_RETURN_TYPE = YES_ERROR;
				GCC_WARN_UNDECLARED_SELECTOR = YES;
				GCC_WARN_UNINITIALIZED_AUTOS = YES_AGGRESSIVE;
				GCC_WARN_UNUSED_FUNCTION = YES;
				GCC_WARN_UNUSED_VARIABLE = YES;
				IPHONEOS_DEPLOYMENT_TARGET = 10.3;
				MTL_ENABLE_DEBUG_INFO = NO;
				SDKROOT = iphoneos;
				VALIDATE_PRODUCT = YES;
			};
			name = Release;
		};
		966843731F43CCEA00F8D40E /* Debug */ = {
			isa = XCBuildConfiguration;
			buildSettings = {
				ASSETCATALOG_COMPILER_APPICON_NAME = AppIcon;
				DEVELOPMENT_TEAM = C2VVZK2VN8;
				INFOPLIST_FILE = AVAudioRecorder/Info.plist;
				LD_RUNPATH_SEARCH_PATHS = "$(inherited) @executable_path/Frameworks";
				PRODUCT_BUNDLE_IDENTIFIER = com.junchenghan.app.AVAudioRecorder;
				PRODUCT_NAME = "$(TARGET_NAME)";
			};
			name = Debug;
		};
		966843741F43CCEA00F8D40E /* Release */ = {
			isa = XCBuildConfiguration;
			buildSettings = {
				ASSETCATALOG_COMPILER_APPICON_NAME = AppIcon;
				DEVELOPMENT_TEAM = C2VVZK2VN8;
				INFOPLIST_FILE = AVAudioRecorder/Info.plist;
				LD_RUNPATH_SEARCH_PATHS = "$(inherited) @executable_path/Frameworks";
				PRODUCT_BUNDLE_IDENTIFIER = com.junchenghan.app.AVAudioRecorder;
				PRODUCT_NAME = "$(TARGET_NAME)";
			};
			name = Release;
		};
/* End XCBuildConfiguration section */

/* Begin XCConfigurationList section */
		966843561F43CCEA00F8D40E /* Build configuration list for PBXProject "AVAudioRecorder" */ = {
			isa = XCConfigurationList;
			buildConfigurations = (
				966843701F43CCEA00F8D40E /* Debug */,
				966843711F43CCEA00F8D40E /* Release */,
			);
			defaultConfigurationIsVisible = 0;
			defaultConfigurationName = Release;
		};
		966843721F43CCEA00F8D40E /* Build configuration list for PBXNativeTarget "AVAudioRecorder" */ = {
			isa = XCConfigurationList;
			buildConfigurations = (
				966843731F43CCEA00F8D40E /* Debug */,
				966843741F43CCEA00F8D40E /* Release */,
			);
			defaultConfigurationIsVisible = 0;
			defaultConfigurationName = Release;
		};
/* End XCConfigurationList section */
	};
	rootObject = 966843531F43CCEA00F8D40E /* Project object */;
}
